
Microsoft Visual Studio Solution File, Format Version 12.00
# Visual Studio Version 17
VisualStudioVersion = 17.6.33723.286
MinimumVisualStudioVersion = 10.0.40219.1
Project("{FAE04EC0-301F-11D3-BF4B-00C04F79EFBC}") = "NutriChef.Android", "NutriChef.Android\NutriChef.Android.csproj", "{ECFE436B-1C45-4800-A9FF-5271D628091F}"
EndProject
Project("{FAE04EC0-301F-11D3-BF4B-00C04F79EFBC}") = "NutriChef", "NutriChef\NutriChef.csproj", "{5F51EC45-E40F-4A51-83B7-2DBA4DF31A4D}"
EndProject
Global
	GlobalSection(SolutionConfigurationPlatforms) = preSolution
		Debug|Any CPU = Debug|Any CPU
		Release|Any CPU = Release|Any CPU
	EndGlobalSection
	GlobalSection(ProjectConfigurationPlatforms) = postSolution
		{ECFE436B-1C45-4800-A9FF-5271D628091F}.Debug|Any CPU.ActiveCfg = Debug|Any CPU
		{ECFE436B-1C45-4800-A9FF-5271D628091F}.Debug|Any CPU.Build.0 = Debug|Any CPU
		{ECFE436B-1C45-4800-A9FF-5271D628091F}.Debug|Any CPU.Deploy.0 = Debug|Any CPU
		{ECFE436B-1C45-4800-A9FF-5271D628091F}.Release|Any CPU.ActiveCfg = Release|Any CPU
		{ECFE436B-1C45-4800-A9FF-5271D628091F}.Release|Any CPU.Build.0 = Release|Any CPU
		{ECFE436B-1C45-4800-A9FF-5271D628091F}.Release|Any CPU.Deploy.0 = Release|Any CPU
		{5F51EC45-E40F-4A51-83B7-2DBA4DF31A4D}.Debug|Any CPU.ActiveCfg = Debug|Any CPU
		{5F51EC45-E40F-4A51-83B7-2DBA4DF31A4D}.Debug|Any CPU.Build.0 = Debug|Any CPU
		{5F51EC45-E40F-4A51-83B7-2DBA4DF31A4D}.Debug|Any CPU.Deploy.0 = Debug|Any CPU
		{5F51EC45-E40F-4A51-83B7-2DBA4DF31A4D}.Release|Any CPU.ActiveCfg = Release|Any CPU
		{5F51EC45-E40F-4A51-83B7-2DBA4DF31A4D}.Release|Any CPU.Build.0 = Release|Any CPU
		{5F51EC45-E40F-4A51-83B7-2DBA4DF31A4D}.Release|Any CPU.Deploy.0 = Release|Any CPU
	EndGlobalSection
	GlobalSection(SolutionProperties) = preSolution
		HideSolutionNode = FALSE
	EndGlobalSection
	GlobalSection(ExtensibilityGlobals) = postSolution
		SolutionGuid = {A7F5B745-0F41-41C1-AEBD-F716871812D6}
	EndGlobalSection
EndGlobal
